lockfileVersion: '6.0'

settings:
  autoInstallPeers: true
  excludeLinksFromLockfile: false

dependencies:
  subset-font:
    specifier: ^2.3.0
    version: 2.3.0

packages:

  /argparse@2.0.1:
    resolution: {integrity: sha512-8+9WqebbFzpX9OR+Wa6O29asIogeRMzcGtAINdpMHHyAg10f05aSFVBbcEqGf/PXw1EjAZ+q2/bEBg3DvurK3Q==}
    dev: false

  /fontverter@2.0.0:
    resolution: {integrity: sha512-DFVX5hvXuhi1Jven1tbpebYTCT9XYnvx6/Z+HFUPb7ZRMCW+pj2clU9VMhoTPgWKPhAs7JJDSk3CW1jNUvKCZQ==}
    dependencies:
      wawoff2: 2.0.1
      woff2sfnt-sfnt2woff: 1.0.0
    dev: false

  /harfbuzzjs@0.3.5:
    resolution: {integrity: sha512-SbNxmVAyhlUJTHdaxgK5S6Uqy4mXIu80Vl6KDn8d+ctPAF6W3DY2yehB4BwIC24I/Tk5HGLjaQkyny5gY0r41Q==}
    dev: false

  /lodash@4.17.21:
    resolution: {integrity: sha512-v2kDEe57lecTulaDIuNTPy3Ry4gLGJ6Z1O3vE1krgXZNrsQ+LFTGHVxVjcXPs17LhbZVGedAJv8XZ1tvj5FvSg==}
    dev: false

  /p-limit@3.1.0:
    resolution: {integrity: sha512-TYOanM3wGwNGsZN2cVTYPArw454xnXj5qmWF1bEoAc4+cU/ol7GVh7odevjp1FNHduHc3KZMcFduxU5Xc6uJRQ==}
    engines: {node: '>=10'}
    dependencies:
      yocto-queue: 0.1.0
    dev: false

  /pako@1.0.11:
    resolution: {integrity: sha512-4hLB8Py4zZce5s4yd9XzopqwVv/yGNhV1Bl8NTmCq1763HeK2+EwVTv+leGeL13Dnh2wfbqowVPXCIO0z4taYw==}
    dev: false

  /subset-font@2.3.0:
    resolution: {integrity: sha512-RcB2cu/14zYxGceTnnptlc8uTuxMkVYdyu3Kj+CA1nye6bI1s1cSSp+ApzpkMzl8iAmEUt+zAE0VHvhVpTO/Ig==}
    dependencies:
      fontverter: 2.0.0
      harfbuzzjs: 0.3.5
      lodash: 4.17.21
      p-limit: 3.1.0
    dev: false

  /wawoff2@2.0.1:
    resolution: {integrity: sha512-r0CEmvpH63r4T15ebFqeOjGqU4+EgTx4I510NtK35EMciSdcTxCw3Byy3JnBonz7iyIFZ0AbVo0bbFpEVuhCYA==}
    hasBin: true
    dependencies:
      argparse: 2.0.1
    dev: false

  /woff2sfnt-sfnt2woff@1.0.0:
    resolution: {integrity: sha512-edK4COc1c1EpRfMqCZO1xJOvdUtM5dbVb9iz97rScvnTevqEB3GllnLWCmMVp1MfQBdF1DFg/11I0rSyAdS4qQ==}
    dependencies:
      pako: 1.0.11
    dev: false

  /yocto-queue@0.1.0:
    resolution: {integrity: sha512-rVksvsnNCdJ/ohGc6xgPwyN8eheCxsiLM8mxuE/t/mOVqJewPuO1miLpTHQiRgTKCLexL4MeAFVagts7HmNZ2Q==}
    engines: {node: '>=10'}
    dev: false
